PODS:
  - OsNetworking (0.4.0):
    - OsTools
  - OsTools (1.6.3)

DEPENDENCIES:
  - OsNetworking (from `../`)
  - OsTools

SPEC REPOS:
  trunk:
    - OsTools

EXTERNAL SOURCES:
  OsNetworking:
    :path: "../"

SPEC CHECKSUMS:
  OsNetworking: dc9f4a831094c0b00b957a7ea5a64873cbd288e4
  OsTools: e4881085ca982d5d66f6201d4bf6260aad536b5a

PODFILE CHECKSUM: 639fc5cd71c7b5330d59bfb704d23af6a1219401

COCOAPODS: 1.15.2
